
Microsoft Visual Studio Solution File, Format Version 10.00
# Visual Studio 2008
Project("{8BC9CEB8-8B4A-11D0-8D11-00A0C91BC942}") = "pageant", "pageant\pageant.vcproj", "{2ECBDD51-BDB0-40F4-8622-3485F00FCDEF}"
EndProject
Project("{8BC9CEB8-8B4A-11D0-8D11-00A0C91BC942}") = "plink", "plink\plink.vcproj", "{DAABBFFF-4923-4084-AE8C-19A47CE83863}"
EndProject
Project("{8BC9CEB8-8B4A-11D0-8D11-00A0C91BC942}") = "pscp", "pscp\pscp.vcproj", "{FBBE7DB9-01C0-463D-AC00-A296CCE39A3F}"
EndProject
Project("{8BC9CEB8-8B4A-11D0-8D11-00A0C91BC942}") = "psftp", "psftp\psftp.vcproj", "{BAA001E4-CC0E-476B-A803-BDC0AF870C7A}"
EndProject
Project("{8BC9CEB8-8B4A-11D0-8D11-00A0C91BC942}") = "putty", "putty\putty.vcproj", "{EFA648EE-0346-41F3-984B-1477CC412DD6}"
EndProject
Project("{8BC9CEB8-8B4A-11D0-8D11-00A0C91BC942}") = "puttygen", "puttygen\puttygen.vcproj", "{00A7C49B-9858-4C1A-ACD6-897C7D798198}"
EndProject
Project("{8BC9CEB8-8B4A-11D0-8D11-00A0C91BC942}") = "puttytel", "puttytel\puttytel.vcproj", "{FDEE63B3-D1C0-491D-A6AF-4E415AF9E6CF}"
EndProject
Global
	GlobalSection(SolutionConfigurationPlatforms) = preSolution
		Debug|Win32 = Debug|Win32
		Release|Win32 = Release|Win32
	EndGlobalSection
	GlobalSection(ProjectConfigurationPlatforms) = postSolution
		{2ECBDD51-BDB0-40F4-8622-3485F00FCDEF}.Debug|Win32.ActiveCfg = Debug|Win32
		{2ECBDD51-BDB0-40F4-8622-3485F00FCDEF}.Debug|Win32.Build.0 = Debug|Win32
		{2ECBDD51-BDB0-40F4-8622-3485F00FCDEF}.Release|Win32.ActiveCfg = Release|Win32
		{2ECBDD51-BDB0-40F4-8622-3485F00FCDEF}.Release|Win32.Build.0 = Release|Win32
		{DAABBFFF-4923-4084-AE8C-19A47CE83863}.Debug|Win32.ActiveCfg = Debug|Win32
		{DAABBFFF-4923-4084-AE8C-19A47CE83863}.Debug|Win32.Build.0 = Debug|Win32
		{DAABBFFF-4923-4084-AE8C-19A47CE83863}.Release|Win32.ActiveCfg = Release|Win32
		{DAABBFFF-4923-4084-AE8C-19A47CE83863}.Release|Win32.Build.0 = Release|Win32
		{FBBE7DB9-01C0-463D-AC00-A296CCE39A3F}.Debug|Win32.ActiveCfg = Debug|Win32
		{FBBE7DB9-01C0-463D-AC00-A296CCE39A3F}.Debug|Win32.Build.0 = Debug|Win32
		{FBBE7DB9-01C0-463D-AC00-A296CCE39A3F}.Release|Win32.ActiveCfg = Release|Win32
		{FBBE7DB9-01C0-463D-AC00-A296CCE39A3F}.Release|Win32.Build.0 = Release|Win32
		{BAA001E4-CC0E-476B-A803-BDC0AF870C7A}.Debug|Win32.ActiveCfg = Debug|Win32
		{BAA001E4-CC0E-476B-A803-BDC0AF870C7A}.Debug|Win32.Build.0 = Debug|Win32
		{BAA001E4-CC0E-476B-A803-BDC0AF870C7A}.Release|Win32.ActiveCfg = Release|Win32
		{BAA001E4-CC0E-476B-A803-BDC0AF870C7A}.Release|Win32.Build.0 = Release|Win32
		{EFA648EE-0346-41F3-984B-1477CC412DD6}.Debug|Win32.ActiveCfg = Debug|Win32
		{EFA648EE-0346-41F3-984B-1477CC412DD6}.Debug|Win32.Build.0 = Debug|Win32
		{EFA648EE-0346-41F3-984B-1477CC412DD6}.Release|Win32.ActiveCfg = Release|Win32
		{EFA648EE-0346-41F3-984B-1477CC412DD6}.Release|Win32.Build.0 = Release|Win32
		{00A7C49B-9858-4C1A-ACD6-897C7D798198}.Debug|Win32.ActiveCfg = Debug|Win32
		{00A7C49B-9858-4C1A-ACD6-897C7D798198}.Debug|Win32.Build.0 = Debug|Win32
		{00A7C49B-9858-4C1A-ACD6-897C7D798198}.Release|Win32.ActiveCfg = Release|Win32
		{00A7C49B-9858-4C1A-ACD6-897C7D798198}.Release|Win32.Build.0 = Release|Win32
		{FDEE63B3-D1C0-491D-A6AF-4E415AF9E6CF}.Debug|Win32.ActiveCfg = Debug|Win32
		{FDEE63B3-D1C0-491D-A6AF-4E415AF9E6CF}.Debug|Win32.Build.0 = Debug|Win32
		{FDEE63B3-D1C0-491D-A6AF-4E415AF9E6CF}.Release|Win32.ActiveCfg = Release|Win32
		{FDEE63B3-D1C0-491D-A6AF-4E415AF9E6CF}.Release|Win32.Build.0 = Release|Win32
	EndGlobalSection
	GlobalSection(SolutionProperties) = preSolution
		HideSolutionNode = FALSE
	EndGlobalSection
EndGlobal
