
Microsoft Visual Studio Solution File, Format Version 11.00
# Visual Studio 2010
Project("{8BC9CEB8-8B4A-11D0-8D11-00A0C91BC942}") = "pageant", "PAGEANT\pageant.vcxproj", "{2C7093F6-94B0-BDFE-0E68-8935F6C63CFE}"
EndProject
Project("{8BC9CEB8-8B4A-11D0-8D11-00A0C91BC942}") = "plink", "PLINK\plink.vcxproj", "{566892F4-86F2-69E5-950D-EBA4F3084BA7}"
EndProject
Project("{8BC9CEB8-8B4A-11D0-8D11-00A0C91BC942}") = "pscp", "PSCP\pscp.vcxproj", "{5D7AC73A-7917-6823-F9DF-5756770450B7}"
EndProject
Project("{8BC9CEB8-8B4A-11D0-8D11-00A0C91BC942}") = "psftp", "PSFTP\psftp.vcxproj", "{565593F4-5FD3-5D4C-BE6A-F43C0C0D82FB}"
EndProject
Project("{8BC9CEB8-8B4A-11D0-8D11-00A0C91BC942}") = "putty", "PUTTY\putty.vcxproj", "{59C083CA-7165-3E80-D8A8-B720A03555DE}"
EndProject
Project("{8BC9CEB8-8B4A-11D0-8D11-00A0C91BC942}") = "puttygen", "PUTTYGEN\puttygen.vcxproj", "{D38C11C8-D75F-C287-5238-317DE14C0018}"
EndProject
Project("{8BC9CEB8-8B4A-11D0-8D11-00A0C91BC942}") = "puttytel", "PUTTYTEL\puttytel.vcxproj", "{7D731841-B973-43CA-A625-7B9F795D2C5E}"
EndProject
Global
	GlobalSection(SolutionConfigurationPlatforms) = preSolution
		Debug|Win32 = Debug|Win32
		Release|Win32 = Release|Win32
		Template|Win32 = Template|Win32
	EndGlobalSection
	GlobalSection(ProjectConfigurationPlatforms) = postSolution
		{2C7093F6-94B0-BDFE-0E68-8935F6C63CFE}.Debug|Win32.ActiveCfg = Debug|Win32
		{2C7093F6-94B0-BDFE-0E68-8935F6C63CFE}.Debug|Win32.Build.0 = Debug|Win32
		{2C7093F6-94B0-BDFE-0E68-8935F6C63CFE}.Release|Win32.ActiveCfg = Release|Win32
		{2C7093F6-94B0-BDFE-0E68-8935F6C63CFE}.Release|Win32.Build.0 = Release|Win32
		{2C7093F6-94B0-BDFE-0E68-8935F6C63CFE}.Template|Win32.ActiveCfg = Release|Win32
		{2C7093F6-94B0-BDFE-0E68-8935F6C63CFE}.Template|Win32.Build.0 = Release|Win32
		{566892F4-86F2-69E5-950D-EBA4F3084BA7}.Debug|Win32.ActiveCfg = Debug|Win32
		{566892F4-86F2-69E5-950D-EBA4F3084BA7}.Debug|Win32.Build.0 = Debug|Win32
		{566892F4-86F2-69E5-950D-EBA4F3084BA7}.Release|Win32.ActiveCfg = Release|Win32
		{566892F4-86F2-69E5-950D-EBA4F3084BA7}.Release|Win32.Build.0 = Release|Win32
		{566892F4-86F2-69E5-950D-EBA4F3084BA7}.Template|Win32.ActiveCfg = Template|Win32
		{566892F4-86F2-69E5-950D-EBA4F3084BA7}.Template|Win32.Build.0 = Template|Win32
		{5D7AC73A-7917-6823-F9DF-5756770450B7}.Debug|Win32.ActiveCfg = Debug|Win32
		{5D7AC73A-7917-6823-F9DF-5756770450B7}.Debug|Win32.Build.0 = Debug|Win32
		{5D7AC73A-7917-6823-F9DF-5756770450B7}.Release|Win32.ActiveCfg = Release|Win32
		{5D7AC73A-7917-6823-F9DF-5756770450B7}.Release|Win32.Build.0 = Release|Win32
		{5D7AC73A-7917-6823-F9DF-5756770450B7}.Template|Win32.ActiveCfg = Template|Win32
		{5D7AC73A-7917-6823-F9DF-5756770450B7}.Template|Win32.Build.0 = Template|Win32
		{565593F4-5FD3-5D4C-BE6A-F43C0C0D82FB}.Debug|Win32.ActiveCfg = Debug|Win32
		{565593F4-5FD3-5D4C-BE6A-F43C0C0D82FB}.Debug|Win32.Build.0 = Debug|Win32
		{565593F4-5FD3-5D4C-BE6A-F43C0C0D82FB}.Release|Win32.ActiveCfg = Release|Win32
		{565593F4-5FD3-5D4C-BE6A-F43C0C0D82FB}.Release|Win32.Build.0 = Release|Win32
		{565593F4-5FD3-5D4C-BE6A-F43C0C0D82FB}.Template|Win32.ActiveCfg = Template|Win32
		{565593F4-5FD3-5D4C-BE6A-F43C0C0D82FB}.Template|Win32.Build.0 = Template|Win32
		{59C083CA-7165-3E80-D8A8-B720A03555DE}.Debug|Win32.ActiveCfg = Debug|Win32
		{59C083CA-7165-3E80-D8A8-B720A03555DE}.Debug|Win32.Build.0 = Debug|Win32
		{59C083CA-7165-3E80-D8A8-B720A03555DE}.Release|Win32.ActiveCfg = Release|Win32
		{59C083CA-7165-3E80-D8A8-B720A03555DE}.Release|Win32.Build.0 = Release|Win32
		{59C083CA-7165-3E80-D8A8-B720A03555DE}.Template|Win32.ActiveCfg = Template|Win32
		{59C083CA-7165-3E80-D8A8-B720A03555DE}.Template|Win32.Build.0 = Template|Win32
		{D38C11C8-D75F-C287-5238-317DE14C0018}.Debug|Win32.ActiveCfg = Debug|Win32
		{D38C11C8-D75F-C287-5238-317DE14C0018}.Debug|Win32.Build.0 = Debug|Win32
		{D38C11C8-D75F-C287-5238-317DE14C0018}.Release|Win32.ActiveCfg = Release|Win32
		{D38C11C8-D75F-C287-5238-317DE14C0018}.Release|Win32.Build.0 = Release|Win32
		{D38C11C8-D75F-C287-5238-317DE14C0018}.Template|Win32.ActiveCfg = Template|Win32
		{D38C11C8-D75F-C287-5238-317DE14C0018}.Template|Win32.Build.0 = Template|Win32
		{7D731841-B973-43CA-A625-7B9F795D2C5E}.Debug|Win32.ActiveCfg = Debug|Win32
		{7D731841-B973-43CA-A625-7B9F795D2C5E}.Debug|Win32.Build.0 = Debug|Win32
		{7D731841-B973-43CA-A625-7B9F795D2C5E}.Release|Win32.ActiveCfg = Release|Win32
		{7D731841-B973-43CA-A625-7B9F795D2C5E}.Release|Win32.Build.0 = Release|Win32
		{7D731841-B973-43CA-A625-7B9F795D2C5E}.Template|Win32.ActiveCfg = Template|Win32
		{7D731841-B973-43CA-A625-7B9F795D2C5E}.Template|Win32.Build.0 = Template|Win32
	EndGlobalSection
	GlobalSection(SolutionProperties) = preSolution
		HideSolutionNode = FALSE
	EndGlobalSection
EndGlobal
